<project><name>Stopwatch_Project</name><board>STM32F103ZET6</board><peripherals><peripheral name="USART1"><parameter name="baudRate" value="115200" /><parameter name="dataBits" value="8" /><parameter name="stopBits" value="1" /><parameter name="parity" value="None" /></peripheral><peripheral name="TIM2"><parameter name="prescaler" value="64000" /><parameter name="period" value="1000" /><parameter name="mode" value="Up" /></peripheral></peripherals><clocks><parameter name="systemClockSource" value="HSE" /></clocks></project>